
Microsoft Visual Studio Solution File, Format Version 12.00
# Visual Studio Version 16
VisualStudioVersion = 16.0.29911.84
MinimumVisualStudioVersion = 10.0.40219.1
Project("{FAE04EC0-301F-11D3-BF4B-00C04F79EFBC}") = "TP1Opcion1EmanuelBarreto", "TP1Opcion1EmanuelBarreto\TP1Opcion1EmanuelBarreto.csproj", "{3929BEDB-37F9-4D46-946D-DB3E71E74D9F}"
EndProject
Global
	GlobalSection(SolutionConfigurationPlatforms) = preSolution
		Debug|Any CPU = Debug|Any CPU
		Release|Any CPU = Release|Any CPU
	EndGlobalSection
	GlobalSection(ProjectConfigurationPlatforms) = postSolution
		{3929BEDB-37F9-4D46-946D-DB3E71E74D9F}.Debug|Any CPU.ActiveCfg = Debug|Any CPU
		{3929BEDB-37F9-4D46-946D-DB3E71E74D9F}.Debug|Any CPU.Build.0 = Debug|Any CPU
		{3929BEDB-37F9-4D46-946D-DB3E71E74D9F}.Release|Any CPU.ActiveCfg = Release|Any CPU
		{3929BEDB-37F9-4D46-946D-DB3E71E74D9F}.Release|Any CPU.Build.0 = Release|Any CPU
	EndGlobalSection
	GlobalSection(SolutionProperties) = preSolution
		HideSolutionNode = FALSE
	EndGlobalSection
	GlobalSection(ExtensibilityGlobals) = postSolution
		SolutionGuid = {3F85ABE3-C34E-4DBB-A179-08B87D175B9A}
	EndGlobalSection
EndGlobal
